
Microsoft Visual Studio Solution File, Format Version 12.00
Project("{FAE04EC0-301F-11D3-BF4B-00C04F79EFBC}") = "PlanlosBot", "PlanlosBot\PlanlosBot.csproj", "{3849F969-AE9A-464D-863E-7D90C344702B}"
EndProject
Project("{2150E333-8FDC-42A3-9474-1A3956D46DE8}") = "Solution Items", "Solution Items", "{DCB423E3-7110-4F51-B986-CFC5FCF1FE3F}"
	ProjectSection(SolutionItems) = preProject
		docker-compose.yml = docker-compose.yml
	EndProjectSection
EndProject
Global
	GlobalSection(SolutionConfigurationPlatforms) = preSolution
		Debug|Any CPU = Debug|Any CPU
		Release|Any CPU = Release|Any CPU
	EndGlobalSection
	GlobalSection(ProjectConfigurationPlatforms) = postSolution
		{3849F969-AE9A-464D-863E-7D90C344702B}.Debug|Any CPU.ActiveCfg = Debug|Any CPU
		{3849F969-AE9A-464D-863E-7D90C344702B}.Debug|Any CPU.Build.0 = Debug|Any CPU
		{3849F969-AE9A-464D-863E-7D90C344702B}.Release|Any CPU.ActiveCfg = Release|Any CPU
		{3849F969-AE9A-464D-863E-7D90C344702B}.Release|Any CPU.Build.0 = Release|Any CPU
	EndGlobalSection
EndGlobal
